<?xml version="1.0" encoding="utf-8"?>
<Project ToolsVersion="4.0" xmlns="http://schemas.microsoft.com/developer/msbuild/2003">
  <ItemGroup>
    <Filter Include="Source Files">
      <UniqueIdentifier>{4FC737F1-C7A5-4376-A066-2A32D752A2FF}</UniqueIdentifier>
      <Extensions>cpp;c;cc;cxx;def;odl;idl;hpj;bat;asm;asmx</Extensions>
    </Filter>
    <Filter Include="Header Files">
      <UniqueIdentifier>{93995380-89BD-4b04-88EB-625FBE52EBFB}</UniqueIdentifier>
      <Extensions>h;hh;hpp;hxx;hm;inl;inc;ipp;xsd</Extensions>
    </Filter>
    <Filter Include="Header Files\Utils">
      <UniqueIdentifier>{0c6b9e76-5b0c-4175-82c3-a8ef561c9bb1}</UniqueIdentifier>
    </Filter>
    <Filter Include="Source Files\Utils">
      <UniqueIdentifier>{f36702b9-ac68-43a6-9223-2ee41d9cfcad}</UniqueIdentifier>
    </Filter>
    <Filter Include="Source Files\Game">
      <UniqueIdentifier>{b82a4406-8a11-4d1f-8a4f-d540160dbfeb}</UniqueIdentifier>
    </Filter>
    <Filter Include="Header Files\Game">
      <UniqueIdentifier>{286de898-f0c3-49a5-bd6d-0a9602252c91}</UniqueIdentifier>
    </Filter>
    <Filter Include="Header Files\Game\Packet">
      <UniqueIdentifier>{02e21a75-02e4-49e3-a896-e7b22b8666d1}</UniqueIdentifier>
    </Filter>
    <Filter Include="Source Files\Game\Packet">
      <UniqueIdentifier>{f7bd1250-40c7-4f74-857e-502a8b0f6870}</UniqueIdentifier>
    </Filter>
    <Filter Include="Header Files\Game\Snapshot">
      <UniqueIdentifier>{b3b46075-4571-4a2d-a243-a2b6c9de4787}</UniqueIdentifier>
    </Filter>
    <Filter Include="Source Files\Game\Snapshot">
      <UniqueIdentifier>{c5de2278-e6a7-4b11-a5ff-ae360898b47c}</UniqueIdentifier>
    </Filter>
    <Filter Include="Resource Files">
      <UniqueIdentifier>{67DA6AB6-F800-4c08-8B7A-83BB121AAD01}</UniqueIdentifier>
      <Extensions>rc;ico;cur;bmp;dlg;rc2;rct;bin;rgs;gif;jpg;jpeg;jpe;resx;tiff;tif;png;wav;mfcribbon-ms</Extensions>
    </Filter>
    <Filter Include="Header Files\Game\Message">
      <UniqueIdentifier>{9e8bc795-dca7-4a97-8739-55daa1825027}</UniqueIdentifier>
    </Filter>
    <Filter Include="Source Files\Game\Message">
      <UniqueIdentifier>{5e2389f9-51a0-4459-8b4f-5fea4cd11d7b}</UniqueIdentifier>
    </Filter>
    <Filter Include="Header Files\Game\Entity">
      <UniqueIdentifier>{1ae8b9cd-098a-4681-af76-92b929b0b043}</UniqueIdentifier>
    </Filter>
    <Filter Include="Source Files\Game\Entity">
      <UniqueIdentifier>{c759b661-4a24-4575-9661-eaa6c962efe1}</UniqueIdentifier>
    </Filter>
  </ItemGroup>
  <ItemGroup>
    <ClInclude Include="src/GameServer.h">
      <Filter>Header Files</Filter>
    </ClInclude>
    <ClInclude Include="src/Socket.h">
      <Filter>Header Files</Filter>
    </ClInclude>
    <ClInclude Include="src\Utils\CircularBuffer.h">
      <Filter>Header Files\Utils</Filter>
    </ClInclude>
    <ClInclude Include="src\Utils\AckBuffer.h">
      <Filter>Header Files\Utils</Filter>
    </ClInclude>
    <ClInclude Include="src\Game\Packet\InPacket.h">
      <Filter>Header Files\Game\Packet</Filter>
    </ClInclude>
    <ClInclude Include="src\Game\Packet\OutPacket.h">
      <Filter>Header Files\Game\Packet</Filter>
    </ClInclude>
    <ClInclude Include="src\Game\Packet\Packet.h">
      <Filter>Header Files\Game\Packet</Filter>
    </ClInclude>
    <ClInclude Include="src\Game\Client.h">
      <Filter>Header Files\Game</Filter>
    </ClInclude>
    <ClInclude Include="src\Game\Snapshot\Snapshot.h">
      <Filter>Header Files\Game\Snapshot</Filter>
    </ClInclude>
    <ClInclude Include="src\Game\Snapshot\SnapshotBuffer.h">
      <Filter>Header Files\Game\Snapshot</Filter>
    </ClInclude>
    <ClInclude Include="src\Game\Snapshot\SnapshotManager.h">
      <Filter>Header Files\Game\Snapshot</Filter>
    </ClInclude>
    <ClInclude Include="src\Config.h">
      <Filter>Header Files</Filter>
    </ClInclude>
    <ClInclude Include="src\Utils\MessageQueue.h">
      <Filter>Header Files\Utils</Filter>
    </ClInclude>
    <ClInclude Include="src\Game\Message\ReliableMessage.h">
      <Filter>Header Files\Game\Message</Filter>
    </ClInclude>
    <ClInclude Include="src\Game\Message\PlayerDisconnect.h">
      <Filter>Header Files\Game\Message</Filter>
    </ClInclude>
    <ClInclude Include="src\Game\Game.h">
      <Filter>Header Files\Game</Filter>
    </ClInclude>
    <ClInclude Include="src\Game\Message\PlayerChat.h">
      <Filter>Header Files\Game\Message</Filter>
    </ClInclude>
    <ClInclude Include="src\Game\Entity\Entity.h">
      <Filter>Header Files\Game\Entity</Filter>
    </ClInclude>
    <ClInclude Include="src\Game\Entity\Player.h">
      <Filter>Header Files\Game\Entity</Filter>
    </ClInclude>
    <ClInclude Include="src\Game\Message\RemoveEntity.h">
      <Filter>Header Files\Game\Message</Filter>
    </ClInclude>
  </ItemGroup>
  <ItemGroup>
    <ClCompile Include="src/DemoServer.cpp">
      <Filter>Source Files</Filter>
    </ClCompile>
    <ClCompile Include="src/GameServer.cpp">
      <Filter>Source Files</Filter>
    </ClCompile>
    <ClCompile Include="src/Socket.cpp">
      <Filter>Source Files</Filter>
    </ClCompile>
    <ClCompile Include="src\Utils\CircularBuffer.cpp">
      <Filter>Source Files\Utils</Filter>
    </ClCompile>
    <ClCompile Include="src\Utils\AckBuffer.cpp">
      <Filter>Source Files\Utils</Filter>
    </ClCompile>
    <ClCompile Include="src\Game\Packet\InPacket.cpp">
      <Filter>Source Files\Game\Packet</Filter>
    </ClCompile>
    <ClCompile Include="src\Game\Packet\OutPacket.cpp">
      <Filter>Source Files\Game\Packet</Filter>
    </ClCompile>
    <ClCompile Include="src\Game\Packet\Packet.cpp">
      <Filter>Source Files\Game\Packet</Filter>
    </ClCompile>
    <ClCompile Include="src\Game\Client.cpp">
      <Filter>Source Files\Game</Filter>
    </ClCompile>
    <ClCompile Include="src\Game\Snapshot\Snapshot.cpp">
      <Filter>Source Files\Game\Snapshot</Filter>
    </ClCompile>
    <ClCompile Include="src\Game\Snapshot\SnapshotBuffer.cpp">
      <Filter>Source Files\Game\Snapshot</Filter>
    </ClCompile>
    <ClCompile Include="src\Game\Snapshot\SnapshotManager.cpp">
      <Filter>Source Files\Game\Snapshot</Filter>
    </ClCompile>
    <ClCompile Include="src\Config.cpp">
      <Filter>Source Files</Filter>
    </ClCompile>
    <ClCompile Include="src\Utils\MessageQueue.cpp">
      <Filter>Source Files\Utils</Filter>
    </ClCompile>
    <ClCompile Include="src\Game\Message\ReliableMessage.cpp">
      <Filter>Source Files\Game\Message</Filter>
    </ClCompile>
    <ClCompile Include="src\Game\Message\PlayerDisconnect.cpp">
      <Filter>Source Files\Game\Message</Filter>
    </ClCompile>
    <ClCompile Include="src\Game\Game.cpp">
      <Filter>Source Files\Game</Filter>
    </ClCompile>
    <ClCompile Include="src\Game\Message\PlayerChat.cpp">
      <Filter>Source Files\Game\Message</Filter>
    </ClCompile>
    <ClCompile Include="src\Game\Entity\Entity.cpp">
      <Filter>Source Files\Game\Entity</Filter>
    </ClCompile>
    <ClCompile Include="src\Game\Entity\Player.cpp">
      <Filter>Source Files\Game\Entity</Filter>
    </ClCompile>
    <ClCompile Include="src\Game\Message\RemoveEntity.cpp">
      <Filter>Source Files\Game\Message</Filter>
    </ClCompile>
  </ItemGroup>
  <ItemGroup>
    <None Include="packages.config" />
  </ItemGroup>
  <ItemGroup>
    <Xml Include="settings.xml" />
  </ItemGroup>
</Project>