<?xml version="1.0" encoding="utf-8"?>
<Project ToolsVersion="4.0" xmlns="http://schemas.microsoft.com/developer/msbuild/2003">
  <ItemGroup>
    <ClCompile Include="tests.cpp" />
    <ClCompile Include="Tests\Utils\MessageQueueTest.h">
      <Filter>Tests\Utils</Filter>
    </ClCompile>
  </ItemGroup>
  <ItemGroup>
    <Filter Include="Tests">
      <UniqueIdentifier>{61a561c2-ddf3-4191-9a0b-39ac0489fde8}</UniqueIdentifier>
    </Filter>
    <Filter Include="Tests\Utils">
      <UniqueIdentifier>{bf6e3f24-d57f-428b-a73b-5a732bf08984}</UniqueIdentifier>
    </Filter>
    <Filter Include="Tests\Game">
      <UniqueIdentifier>{ea60258a-489e-46b6-94c9-9e8a8fa1b861}</UniqueIdentifier>
    </Filter>
    <Filter Include="Tests\Game\Packet">
      <UniqueIdentifier>{45bfe4f5-f26e-4da8-be01-2bfa14e12cea}</UniqueIdentifier>
    </Filter>
  </ItemGroup>
  <ItemGroup>
    <ClInclude Include="Tests\Utils\AckBufferTest.h">
      <Filter>Tests\Utils</Filter>
    </ClInclude>
    <ClInclude Include="Tests\Game\Packet\OutPacketTest.h">
      <Filter>Tests\Game\Packet</Filter>
    </ClInclude>
    <ClInclude Include="Tests\SocketTest.h">
      <Filter>Tests</Filter>
    </ClInclude>
    <ClInclude Include="Tests\Game\Packet\InPacketTest.h">
      <Filter>Tests\Game\Packet</Filter>
    </ClInclude>
  </ItemGroup>
  <ItemGroup>
    <None Include="packages.config" />
  </ItemGroup>
</Project>